
Microsoft Visual Studio Solution File, Format Version 12.00
# Visual Studio Version 17
VisualStudioVersion = 17.1.32421.90
MinimumVisualStudioVersion = 10.0.40219.1
Project("{9A19103F-16F7-4668-BE54-9A1E7A4F7556}") = "DemoMiddleware", "DemoMiddleware.csproj", "{9662DF2B-5E76-42ED-BF9B-E2A769E20469}"
EndProject
Global
	GlobalSection(SolutionConfigurationPlatforms) = preSolution
		Debug|Any CPU = Debug|Any CPU
		Release|Any CPU = Release|Any CPU
	EndGlobalSection
	GlobalSection(ProjectConfigurationPlatforms) = postSolution
		{9662DF2B-5E76-42ED-BF9B-E2A769E20469}.Debug|Any CPU.ActiveCfg = Debug|Any CPU
		{9662DF2B-5E76-42ED-BF9B-E2A769E20469}.Debug|Any CPU.Build.0 = Debug|Any CPU
		{9662DF2B-5E76-42ED-BF9B-E2A769E20469}.Release|Any CPU.ActiveCfg = Release|Any CPU
		{9662DF2B-5E76-42ED-BF9B-E2A769E20469}.Release|Any CPU.Build.0 = Release|Any CPU
	EndGlobalSection
	GlobalSection(SolutionProperties) = preSolution
		HideSolutionNode = FALSE
	EndGlobalSection
	GlobalSection(ExtensibilityGlobals) = postSolution
		SolutionGuid = {E0840D2F-D764-43F1-BC12-6275F1913BD1}
	EndGlobalSection
EndGlobal
